
Microsoft Visual Studio Solution File, Format Version 12.00
# Visual Studio Version 17
VisualStudioVersion = 17.4.33213.308
MinimumVisualStudioVersion = 10.0.40219.1
Project("{9A19103F-16F7-4668-BE54-9A1E7A4F7556}") = "EMSProject6", "EMSProject6.csproj", "{ED89954F-06CB-48B0-981F-A1226FD56A70}"
EndProject
Project("{FAE04EC0-301F-11D3-BF4B-00C04F79EFBC}") = "EMSProject6Test", "..\EMSProject6Test\EMSProject6Test.csproj", "{0913308C-F729-47C0-BFDF-D0BFC3ABEF0A}"
EndProject
Global
	GlobalSection(SolutionConfigurationPlatforms) = preSolution
		Debug|Any CPU = Debug|Any CPU
		Release|Any CPU = Release|Any CPU
	EndGlobalSection
	GlobalSection(ProjectConfigurationPlatforms) = postSolution
		{ED89954F-06CB-48B0-981F-A1226FD56A70}.Debug|Any CPU.ActiveCfg = Debug|Any CPU
		{ED89954F-06CB-48B0-981F-A1226FD56A70}.Debug|Any CPU.Build.0 = Debug|Any CPU
		{ED89954F-06CB-48B0-981F-A1226FD56A70}.Release|Any CPU.ActiveCfg = Release|Any CPU
		{ED89954F-06CB-48B0-981F-A1226FD56A70}.Release|Any CPU.Build.0 = Release|Any CPU
		{0913308C-F729-47C0-BFDF-D0BFC3ABEF0A}.Debug|Any CPU.ActiveCfg = Debug|Any CPU
		{0913308C-F729-47C0-BFDF-D0BFC3ABEF0A}.Debug|Any CPU.Build.0 = Debug|Any CPU
		{0913308C-F729-47C0-BFDF-D0BFC3ABEF0A}.Release|Any CPU.ActiveCfg = Release|Any CPU
		{0913308C-F729-47C0-BFDF-D0BFC3ABEF0A}.Release|Any CPU.Build.0 = Release|Any CPU
	EndGlobalSection
	GlobalSection(SolutionProperties) = preSolution
		HideSolutionNode = FALSE
	EndGlobalSection
	GlobalSection(ExtensibilityGlobals) = postSolution
		SolutionGuid = {3BBC7468-544B-435C-B286-66C85B681411}
	EndGlobalSection
EndGlobal
